
Microsoft Visual Studio Solution File, Format Version 12.00
# Visual Studio 14
VisualStudioVersion = 14.0.25420.1
MinimumVisualStudioVersion = 10.0.40219.1
Project("{159641D6-6404-4A2A-AE62-294DE0FE8301}") = "EndToEndPackages1", "EndToEndPackages\EndToEndPackages1.dtproj", "{6BBB6F94-8BB6-40E7-ADD7-158A2070F68C}"
EndProject
Global
	GlobalSection(SolutionConfigurationPlatforms) = preSolution
		Development|Default = Development|Default
	EndGlobalSection
	GlobalSection(ProjectConfigurationPlatforms) = postSolution
		{6BBB6F94-8BB6-40E7-ADD7-158A2070F68C}.Development|Default.ActiveCfg = Development
		{6BBB6F94-8BB6-40E7-ADD7-158A2070F68C}.Development|Default.Build.0 = Development
	EndGlobalSection
	GlobalSection(SolutionProperties) = preSolution
		HideSolutionNode = FALSE
	EndGlobalSection
EndGlobal
